// !$*UTF8*$!
{
	archiveVersion = 1;
	classes = {
	};
	objectVersion = 55;
	objects = {

/* Begin PBXBuildFile section */
		3E69801828B63324005F4B1E /* MahotmaGandhiApp.swift in Sources */ = {isa = PBXBuildFile; fileRef = 3E69801728B63324005F4B1E /* MahotmaGandhiApp.swift */; };
		3E69801A28B63324005F4B1E /* ContentView.swift in Sources */ = {isa = PBXBuildFile; fileRef = 3E69801928B63324005F4B1E /* ContentView.swift */; };
		3E69801C28B63325005F4B1E /* Assets.xcassets in Resources */ = {isa = PBXBuildFile; fileRef = 3E69801B28B63325005F4B1E /* Assets.xcassets */; };
		3E69801F28B63325005F4B1E /* Preview Assets.xcassets in Resources */ = {isa = PBXBuildFile; fileRef = 3E69801E28B63325005F4B1E /* Preview Assets.xcassets */; };
		3E69802A28B6651E005F4B1E /* CardPlayerMiniView.swift in Sources */ = {isa = PBXBuildFile; fileRef = 3E69802928B6651E005F4B1E /* CardPlayerMiniView.swift */; };
		3E69802C28B66682005F4B1E /* CardAddPlayerView.swift in Sources */ = {isa = PBXBuildFile; fileRef = 3E69802B28B66682005F4B1E /* CardAddPlayerView.swift */; };
		3E69802E28B670FA005F4B1E /* CardPlayerInputView.swift in Sources */ = {isa = PBXBuildFile; fileRef = 3E69802D28B670FA005F4B1E /* CardPlayerInputView.swift */; };
		3E69803028B67149005F4B1E /* PlayerModel.swift in Sources */ = {isa = PBXBuildFile; fileRef = 3E69802F28B67149005F4B1E /* PlayerModel.swift */; };
		3E69803228B671F2005F4B1E /* PlayerAvatarSelectionView.swift in Sources */ = {isa = PBXBuildFile; fileRef = 3E69803128B671F2005F4B1E /* PlayerAvatarSelectionView.swift */; };
		3E69803428B676AC005F4B1E /* PlayerViewModel.swift in Sources */ = {isa = PBXBuildFile; fileRef = 3E69803328B676AC005F4B1E /* PlayerViewModel.swift */; };
		F7F1609728B7A49E00E83273 /* AvatarModel.swift in Sources */ = {isa = PBXBuildFile; fileRef = F7F1609628B7A49E00E83273 /* AvatarModel.swift */; };
/* End PBXBuildFile section */

/* Begin PBXFileReference section */
		3E69801428B63324005F4B1E /* MahotmaGandhi.app */ = {isa = PBXFileReference; explicitFileType = wrapper.application; includeInIndex = 0; path = MahotmaGandhi.app; sourceTree = BUILT_PRODUCTS_DIR; };
		3E69801728B63324005F4B1E /* MahotmaGandhiApp.swift */ = {isa = PBXFileReference; lastKnownFileType = sourcecode.swift; path = MahotmaGandhiApp.swift; sourceTree = "<group>"; };
		3E69801928B63324005F4B1E /* ContentView.swift */ = {isa = PBXFileReference; lastKnownFileType = sourcecode.swift; path = ContentView.swift; sourceTree = "<group>"; };
		3E69801B28B63325005F4B1E /* Assets.xcassets */ = {isa = PBXFileReference; lastKnownFileType = folder.assetcatalog; path = Assets.xcassets; sourceTree = "<group>"; };
		3E69801E28B63325005F4B1E /* Preview Assets.xcassets */ = {isa = PBXFileReference; lastKnownFileType = folder.assetcatalog; path = "Preview Assets.xcassets"; sourceTree = "<group>"; };
		3E69802928B6651E005F4B1E /* CardPlayerMiniView.swift */ = {isa = PBXFileReference; lastKnownFileType = sourcecode.swift; path = CardPlayerMiniView.swift; sourceTree = "<group>"; };
		3E69802B28B66682005F4B1E /* CardAddPlayerView.swift */ = {isa = PBXFileReference; lastKnownFileType = sourcecode.swift; path = CardAddPlayerView.swift; sourceTree = "<group>"; };
		3E69802D28B670FA005F4B1E /* CardPlayerInputView.swift */ = {isa = PBXFileReference; lastKnownFileType = sourcecode.swift; path = CardPlayerInputView.swift; sourceTree = "<group>"; };
		3E69802F28B67149005F4B1E /* PlayerModel.swift */ = {isa = PBXFileReference; lastKnownFileType = sourcecode.swift; path = PlayerModel.swift; sourceTree = "<group>"; };
		3E69803128B671F2005F4B1E /* PlayerAvatarSelectionView.swift */ = {isa = PBXFileReference; lastKnownFileType = sourcecode.swift; path = PlayerAvatarSelectionView.swift; sourceTree = "<group>"; };
		3E69803328B676AC005F4B1E /* PlayerViewModel.swift */ = {isa = PBXFileReference; lastKnownFileType = sourcecode.swift; path = PlayerViewModel.swift; sourceTree = "<group>"; };
		F7F1609628B7A49E00E83273 /* AvatarModel.swift */ = {isa = PBXFileReference; lastKnownFileType = sourcecode.swift; path = AvatarModel.swift; sourceTree = "<group>"; };
/* End PBXFileReference section */

/* Begin PBXFrameworksBuildPhase section */
		3E69801128B63324005F4B1E /* Frameworks */ = {
			isa = PBXFrameworksBuildPhase;
			buildActionMask = 2147483647;
			files = (
			);
			runOnlyForDeploymentPostprocessing = 0;
		};
/* End PBXFrameworksBuildPhase section */

/* Begin PBXGroup section */
		3E69800B28B63324005F4B1E = {
			isa = PBXGroup;
			children = (
				3E69801628B63324005F4B1E /* MahotmaGandhi */,
				3E69801528B63324005F4B1E /* Products */,
			);
			sourceTree = "<group>";
		};
		3E69801528B63324005F4B1E /* Products */ = {
			isa = PBXGroup;
			children = (
				3E69801428B63324005F4B1E /* MahotmaGandhi.app */,
			);
			name = Products;
			sourceTree = "<group>";
		};
		3E69801628B63324005F4B1E /* MahotmaGandhi */ = {
			isa = PBXGroup;
			children = (
				F7F1609428B7A46600E83273 /* Avatar */,
				3E69802528B663E7005F4B1E /* Player */,
				3E69801728B63324005F4B1E /* MahotmaGandhiApp.swift */,
				3E69801928B63324005F4B1E /* ContentView.swift */,
				3E69801B28B63325005F4B1E /* Assets.xcassets */,
				3E69801D28B63325005F4B1E /* Preview Content */,
			);
			path = MahotmaGandhi;
			sourceTree = "<group>";
		};
		3E69801D28B63325005F4B1E /* Preview Content */ = {
			isa = PBXGroup;
			children = (
				3E69801E28B63325005F4B1E /* Preview Assets.xcassets */,
			);
			path = "Preview Content";
			sourceTree = "<group>";
		};
		3E69802528B663E7005F4B1E /* Player */ = {
			isa = PBXGroup;
			children = (
				3E69802828B66412005F4B1E /* Model */,
				3E69802728B66408005F4B1E /* View Model */,
				3E69802628B663F5005F4B1E /* View */,
			);
			path = Player;
			sourceTree = "<group>";
		};
		3E69802628B663F5005F4B1E /* View */ = {
			isa = PBXGroup;
			children = (
				3E69802928B6651E005F4B1E /* CardPlayerMiniView.swift */,
				3E69802B28B66682005F4B1E /* CardAddPlayerView.swift */,
				3E69802D28B670FA005F4B1E /* CardPlayerInputView.swift */,
				3E69803128B671F2005F4B1E /* PlayerAvatarSelectionView.swift */,
			);
			path = View;
			sourceTree = "<group>";
		};
		3E69802728B66408005F4B1E /* View Model */ = {
			isa = PBXGroup;
			children = (
				3E69803328B676AC005F4B1E /* PlayerViewModel.swift */,
			);
			path = "View Model";
			sourceTree = "<group>";
		};
		3E69802828B66412005F4B1E /* Model */ = {
			isa = PBXGroup;
			children = (
				3E69802F28B67149005F4B1E /* PlayerModel.swift */,
			);
			path = Model;
			sourceTree = "<group>";
		};
		F7F1609428B7A46600E83273 /* Avatar */ = {
			isa = PBXGroup;
			children = (
				F7F1609528B7A48C00E83273 /* Model */,
			);
			path = Avatar;
			sourceTree = "<group>";
		};
		F7F1609528B7A48C00E83273 /* Model */ = {
			isa = PBXGroup;
			children = (
				F7F1609628B7A49E00E83273 /* AvatarModel.swift */,
			);
			path = Model;
			sourceTree = "<group>";
		};
/* End PBXGroup section */

/* Begin PBXNativeTarget section */
		3E69801328B63324005F4B1E /* MahotmaGandhi */ = {
			isa = PBXNativeTarget;
			buildConfigurationList = 3E69802228B63325005F4B1E /* Build configuration list for PBXNativeTarget "MahotmaGandhi" */;
			buildPhases = (
				3E69801028B63324005F4B1E /* Sources */,
				3E69801128B63324005F4B1E /* Frameworks */,
				3E69801228B63324005F4B1E /* Resources */,
			);
			buildRules = (
			);
			dependencies = (
			);
			name = MahotmaGandhi;
			productName = MahotmaGandhi;
			productReference = 3E69801428B63324005F4B1E /* MahotmaGandhi.app */;
			productType = "com.apple.product-type.application";
		};
/* End PBXNativeTarget section */

/* Begin PBXProject section */
		3E69800C28B63324005F4B1E /* Project object */ = {
			isa = PBXProject;
			attributes = {
				BuildIndependentTargetsInParallel = 1;
				LastSwiftUpdateCheck = 1340;
				LastUpgradeCheck = 1340;
				TargetAttributes = {
					3E69801328B63324005F4B1E = {
						CreatedOnToolsVersion = 13.4.1;
					};
				};
			};
			buildConfigurationList = 3E69800F28B63324005F4B1E /* Build configuration list for PBXProject "MahotmaGandhi" */;
			compatibilityVersion = "Xcode 13.0";
			developmentRegion = en;
			hasScannedForEncodings = 0;
			knownRegions = (
				en,
				Base,
			);
			mainGroup = 3E69800B28B63324005F4B1E;
			productRefGroup = 3E69801528B63324005F4B1E /* Products */;
			projectDirPath = "";
			projectRoot = "";
			targets = (
				3E69801328B63324005F4B1E /* MahotmaGandhi */,
			);
		};
/* End PBXProject section */

/* Begin PBXResourcesBuildPhase section */
		3E69801228B63324005F4B1E /* Resources */ = {
			isa = PBXResourcesBuildPhase;
			buildActionMask = 2147483647;
			files = (
				3E69801F28B63325005F4B1E /* Preview Assets.xcassets in Resources */,
				3E69801C28B63325005F4B1E /* Assets.xcassets in Resources */,
			);
			runOnlyForDeploymentPostprocessing = 0;
		};
/* End PBXResourcesBuildPhase section */

/* Begin PBXSourcesBuildPhase section */
		3E69801028B63324005F4B1E /* Sources */ = {
			isa = PBXSourcesBuildPhase;
			buildActionMask = 2147483647;
			files = (
				3E69803028B67149005F4B1E /* PlayerModel.swift in Sources */,
				3E69803428B676AC005F4B1E /* PlayerViewModel.swift in Sources */,
				F7F1609728B7A49E00E83273 /* AvatarModel.swift in Sources */,
				3E69801A28B63324005F4B1E /* ContentView.swift in Sources */,
				3E69802C28B66682005F4B1E /* CardAddPlayerView.swift in Sources */,
				3E69802A28B6651E005F4B1E /* CardPlayerMiniView.swift in Sources */,
				3E69801828B63324005F4B1E /* MahotmaGandhiApp.swift in Sources */,
				3E69803228B671F2005F4B1E /* PlayerAvatarSelectionView.swift in Sources */,
				3E69802E28B670FA005F4B1E /* CardPlayerInputView.swift in Sources */,
			);
			runOnlyForDeploymentPostprocessing = 0;
		};
/* End PBXSourcesBuildPhase section */

/* Begin XCBuildConfiguration section */
		3E69802028B63325005F4B1E /* Debug */ = {
			isa = XCBuildConfiguration;
			buildSettings = {
				ALWAYS_SEARCH_USER_PATHS = NO;
				CLANG_ANALYZER_NONNULL = YES;
				CLANG_ANALYZER_NUMBER_OBJECT_CONVERSION = YES_AGGRESSIVE;
				CLANG_CXX_LANGUAGE_STANDARD = "gnu++17";
				CLANG_ENABLE_MODULES = YES;
				CLANG_ENABLE_OBJC_ARC = YES;
				CLANG_ENABLE_OBJC_WEAK = YES;
				CLANG_WARN_BLOCK_CAPTURE_AUTORELEASING = YES;
				CLANG_WARN_BOOL_CONVERSION = YES;
				CLANG_WARN_COMMA = YES;
				CLANG_WARN_CONSTANT_CONVERSION = YES;
				CLANG_WARN_DEPRECATED_OBJC_IMPLEMENTATIONS = YES;
				CLANG_WARN_DIRECT_OBJC_ISA_USAGE = YES_ERROR;
				CLANG_WARN_DOCUMENTATION_COMMENTS = YES;
				CLANG_WARN_EMPTY_BODY = YES;
				CLANG_WARN_ENUM_CONVERSION = YES;
				CLANG_WARN_INFINITE_RECURSION = YES;
				CLANG_WARN_INT_CONVERSION = YES;
				CLANG_WARN_NON_LITERAL_NULL_CONVERSION = YES;
				CLANG_WARN_OBJC_IMPLICIT_RETAIN_SELF = YES;
				CLANG_WARN_OBJC_LITERAL_CONVERSION = YES;
				CLANG_WARN_OBJC_ROOT_CLASS = YES_ERROR;
				CLANG_WARN_QUOTED_INCLUDE_IN_FRAMEWORK_HEADER = YES;
				CLANG_WARN_RANGE_LOOP_ANALYSIS = YES;
				CLANG_WARN_STRICT_PROTOTYPES = YES;
				CLANG_WARN_SUSPICIOUS_MOVE = YES;
				CLANG_WARN_UNGUARDED_AVAILABILITY = YES_AGGRESSIVE;
				CLANG_WARN_UNREACHABLE_CODE = YES;
				CLANG_WARN__DUPLICATE_METHOD_MATCH = YES;
				COPY_PHASE_STRIP = NO;
				DEBUG_INFORMATION_FORMAT = dwarf;
				ENABLE_STRICT_OBJC_MSGSEND = YES;
				ENABLE_TESTABILITY = YES;
				GCC_C_LANGUAGE_STANDARD = gnu11;
				GCC_DYNAMIC_NO_PIC = NO;
				GCC_NO_COMMON_BLOCKS = YES;
				GCC_OPTIMIZATION_LEVEL = 0;
				GCC_PREPROCESSOR_DEFINITIONS = (
					"DEBUG=1",
					"$(inherited)",
				);
				GCC_WARN_64_TO_32_BIT_CONVERSION = YES;
				GCC_WARN_ABOUT_RETURN_TYPE = YES_ERROR;
				GCC_WARN_UNDECLARED_SELECTOR = YES;
				GCC_WARN_UNINITIALIZED_AUTOS = YES_AGGRESSIVE;
				GCC_WARN_UNUSED_FUNCTION = YES;
				GCC_WARN_UNUSED_VARIABLE = YES;
				IPHONEOS_DEPLOYMENT_TARGET = 15.5;
				MTL_ENABLE_DEBUG_INFO = INCLUDE_SOURCE;
				MTL_FAST_MATH = YES;
				ONLY_ACTIVE_ARCH = YES;
				SDKROOT = iphoneos;
				SWIFT_ACTIVE_COMPILATION_CONDITIONS = DEBUG;
				SWIFT_OPTIMIZATION_LEVEL = "-Onone";
			};
			name = Debug;
		};
		3E69802128B63325005F4B1E /* Release */ = {
			isa = XCBuildConfiguration;
			buildSettings = {
				ALWAYS_SEARCH_USER_PATHS = NO;
				CLANG_ANALYZER_NONNULL = YES;
				CLANG_ANALYZER_NUMBER_OBJECT_CONVERSION = YES_AGGRESSIVE;
				CLANG_CXX_LANGUAGE_STANDARD = "gnu++17";
				CLANG_ENABLE_MODULES = YES;
				CLANG_ENABLE_OBJC_ARC = YES;
				CLANG_ENABLE_OBJC_WEAK = YES;
				CLANG_WARN_BLOCK_CAPTURE_AUTORELEASING = YES;
				CLANG_WARN_BOOL_CONVERSION = YES;
				CLANG_WARN_COMMA = YES;
				CLANG_WARN_CONSTANT_CONVERSION = YES;
				CLANG_WARN_DEPRECATED_OBJC_IMPLEMENTATIONS = YES;
				CLANG_WARN_DIRECT_OBJC_ISA_USAGE = YES_ERROR;
				CLANG_WARN_DOCUMENTATION_COMMENTS = YES;
				CLANG_WARN_EMPTY_BODY = YES;
				CLANG_WARN_ENUM_CONVERSION = YES;
				CLANG_WARN_INFINITE_RECURSION = YES;
				CLANG_WARN_INT_CONVERSION = YES;
				CLANG_WARN_NON_LITERAL_NULL_CONVERSION = YES;
				CLANG_WARN_OBJC_IMPLICIT_RETAIN_SELF = YES;
				CLANG_WARN_OBJC_LITERAL_CONVERSION = YES;
				CLANG_WARN_OBJC_ROOT_CLASS = YES_ERROR;
				CLANG_WARN_QUOTED_INCLUDE_IN_FRAMEWORK_HEADER = YES;
				CLANG_WARN_RANGE_LOOP_ANALYSIS = YES;
				CLANG_WARN_STRICT_PROTOTYPES = YES;
				CLANG_WARN_SUSPICIOUS_MOVE = YES;
				CLANG_WARN_UNGUARDED_AVAILABILITY = YES_AGGRESSIVE;
				CLANG_WARN_UNREACHABLE_CODE = YES;
				CLANG_WARN__DUPLICATE_METHOD_MATCH = YES;
				COPY_PHASE_STRIP = NO;
				DEBUG_INFORMATION_FORMAT = "dwarf-with-dsym";
				ENABLE_NS_ASSERTIONS = NO;
				ENABLE_STRICT_OBJC_MSGSEND = YES;
				GCC_C_LANGUAGE_STANDARD = gnu11;
				GCC_NO_COMMON_BLOCKS = YES;
				GCC_WARN_64_TO_32_BIT_CONVERSION = YES;
				GCC_WARN_ABOUT_RETURN_TYPE = YES_ERROR;
				GCC_WARN_UNDECLARED_SELECTOR = YES;
				GCC_WARN_UNINITIALIZED_AUTOS = YES_AGGRESSIVE;
				GCC_WARN_UNUSED_FUNCTION = YES;
				GCC_WARN_UNUSED_VARIABLE = YES;
				IPHONEOS_DEPLOYMENT_TARGET = 15.5;
				MTL_ENABLE_DEBUG_INFO = NO;
				MTL_FAST_MATH = YES;
				SDKROOT = iphoneos;
				SWIFT_COMPILATION_MODE = wholemodule;
				SWIFT_OPTIMIZATION_LEVEL = "-O";
				VALIDATE_PRODUCT = YES;
			};
			name = Release;
		};
		3E69802328B63325005F4B1E /* Debug */ = {
			isa = XCBuildConfiguration;
			buildSettings = {
				ASSETCATALOG_COMPILER_APPICON_NAME = AppIcon;
				ASSETCATALOG_COMPILER_GLOBAL_ACCENT_COLOR_NAME = AccentColor;
				CODE_SIGN_STYLE = Automatic;
				CURRENT_PROJECT_VERSION = 1;
				DEVELOPMENT_ASSET_PATHS = "\"MahotmaGandhi/Preview Content\"";
				DEVELOPMENT_TEAM = QT6B66A8Y8;
				ENABLE_PREVIEWS = YES;
				GENERATE_INFOPLIST_FILE = YES;
				INFOPLIST_KEY_UIApplicationSceneManifest_Generation = YES;
				INFOPLIST_KEY_UIApplicationSupportsIndirectInputEvents = YES;
				INFOPLIST_KEY_UILaunchScreen_Generation = YES;
				INFOPLIST_KEY_UISupportedInterfaceOrientations_iPad = "UIInterfaceOrientationPortrait UIInterfaceOrientationPortraitUpsideDown UIInterfaceOrientationLandscapeLeft UIInterfaceOrientationLandscapeRight";
				INFOPLIST_KEY_UISupportedInterfaceOrientations_iPhone = "UIInterfaceOrientationPortrait UIInterfaceOrientationLandscapeLeft UIInterfaceOrientationLandscapeRight";
				LD_RUNPATH_SEARCH_PATHS = (
					"$(inherited)",
					"@executable_path/Frameworks",
				);
				MARKETING_VERSION = 1.0;
				PRODUCT_BUNDLE_IDENTIFIER = com.mahotmagandhi.MahotmaGandhi;
				PRODUCT_NAME = "$(TARGET_NAME)";
				SWIFT_EMIT_LOC_STRINGS = YES;
				SWIFT_VERSION = 5.0;
				TARGETED_DEVICE_FAMILY = "1,2";
			};
			name = Debug;
		};
		3E69802428B63325005F4B1E /* Release */ = {
			isa = XCBuildConfiguration;
			buildSettings = {
				ASSETCATALOG_COMPILER_APPICON_NAME = AppIcon;
				ASSETCATALOG_COMPILER_GLOBAL_ACCENT_COLOR_NAME = AccentColor;
				CODE_SIGN_STYLE = Automatic;
				CURRENT_PROJECT_VERSION = 1;
				DEVELOPMENT_ASSET_PATHS = "\"MahotmaGandhi/Preview Content\"";
				DEVELOPMENT_TEAM = QT6B66A8Y8;
				ENABLE_PREVIEWS = YES;
				GENERATE_INFOPLIST_FILE = YES;
				INFOPLIST_KEY_UIApplicationSceneManifest_Generation = YES;
				INFOPLIST_KEY_UIApplicationSupportsIndirectInputEvents = YES;
				INFOPLIST_KEY_UILaunchScreen_Generation = YES;
				INFOPLIST_KEY_UISupportedInterfaceOrientations_iPad = "UIInterfaceOrientationPortrait UIInterfaceOrientationPortraitUpsideDown UIInterfaceOrientationLandscapeLeft UIInterfaceOrientationLandscapeRight";
				INFOPLIST_KEY_UISupportedInterfaceOrientations_iPhone = "UIInterfaceOrientationPortrait UIInterfaceOrientationLandscapeLeft UIInterfaceOrientationLandscapeRight";
				LD_RUNPATH_SEARCH_PATHS = (
					"$(inherited)",
					"@executable_path/Frameworks",
				);
				MARKETING_VERSION = 1.0;
				PRODUCT_BUNDLE_IDENTIFIER = com.mahotmagandhi.MahotmaGandhi;
				PRODUCT_NAME = "$(TARGET_NAME)";
				SWIFT_EMIT_LOC_STRINGS = YES;
				SWIFT_VERSION = 5.0;
				TARGETED_DEVICE_FAMILY = "1,2";
			};
			name = Release;
		};
/* End XCBuildConfiguration section */

/* Begin XCConfigurationList section */
		3E69800F28B63324005F4B1E /* Build configuration list for PBXProject "MahotmaGandhi" */ = {
			isa = XCConfigurationList;
			buildConfigurations = (
				3E69802028B63325005F4B1E /* Debug */,
				3E69802128B63325005F4B1E /* Release */,
			);
			defaultConfigurationIsVisible = 0;
			defaultConfigurationName = Release;
		};
		3E69802228B63325005F4B1E /* Build configuration list for PBXNativeTarget "MahotmaGandhi" */ = {
			isa = XCConfigurationList;
			buildConfigurations = (
				3E69802328B63325005F4B1E /* Debug */,
				3E69802428B63325005F4B1E /* Release */,
			);
			defaultConfigurationIsVisible = 0;
			defaultConfigurationName = Release;
		};
/* End XCConfigurationList section */
	};
	rootObject = 3E69800C28B63324005F4B1E /* Project object */;
}
